
Microsoft Visual Studio Solution File, Format Version 12.00
# Visual Studio Version 17
VisualStudioVersion = 17.7.34009.444
MinimumVisualStudioVersion = 10.0.40219.1
Project("{FAE04EC0-301F-11D3-BF4B-00C04F79EFBC}") = "ReflectionAnnotationsAndGarbage", "ReflectionAnnotationsAndGarbage\ReflectionAnnotationsAndGarbage.csproj", "{B5F40B18-58DD-473E-BD25-859C7CAC30EC}"
EndProject
Global
	GlobalSection(SolutionConfigurationPlatforms) = preSolution
		Debug|Any CPU = Debug|Any CPU
		Release|Any CPU = Release|Any CPU
	EndGlobalSection
	GlobalSection(ProjectConfigurationPlatforms) = postSolution
		{B5F40B18-58DD-473E-BD25-859C7CAC30EC}.Debug|Any CPU.ActiveCfg = Debug|Any CPU
		{B5F40B18-58DD-473E-BD25-859C7CAC30EC}.Debug|Any CPU.Build.0 = Debug|Any CPU
		{B5F40B18-58DD-473E-BD25-859C7CAC30EC}.Release|Any CPU.ActiveCfg = Release|Any CPU
		{B5F40B18-58DD-473E-BD25-859C7CAC30EC}.Release|Any CPU.Build.0 = Release|Any CPU
	EndGlobalSection
	GlobalSection(SolutionProperties) = preSolution
		HideSolutionNode = FALSE
	EndGlobalSection
	GlobalSection(ExtensibilityGlobals) = postSolution
		SolutionGuid = {1B8D85C8-F9E9-4BE0-B266-A1AC2DC0053C}
	EndGlobalSection
EndGlobal
